
Microsoft Visual Studio Solution File, Format Version 12.00
# Visual Studio Version 17
VisualStudioVersion = 17.5.33424.131
MinimumVisualStudioVersion = 10.0.40219.1
Project("{9A19103F-16F7-4668-BE54-9A1E7A4F7556}") = "Bai2", "Bai2\Bai2.csproj", "{0D5BC9EE-4C31-4D42-91B0-02198DA6AC65}"
EndProject
Project("{9A19103F-16F7-4668-BE54-9A1E7A4F7556}") = "Bai3", "Bai3\Bai3.csproj", "{649962B0-2C56-48C2-9298-81A3B757BB58}"
EndProject
Project("{9A19103F-16F7-4668-BE54-9A1E7A4F7556}") = "Bai5", "Bai5\Bai5.csproj", "{C42DDD37-5D98-491C-884F-680389E3B789}"
EndProject
Project("{9A19103F-16F7-4668-BE54-9A1E7A4F7556}") = "Bai6", "Bai6\Bai6.csproj", "{7A2648A4-49B0-4B64-9E79-42560D0C31F5}"
EndProject
Project("{9A19103F-16F7-4668-BE54-9A1E7A4F7556}") = "Bai7", "Bai7\Bai7.csproj", "{2F3FC148-678D-402B-A7A8-FFC811B9FBDE}"
EndProject
Project("{FAE04EC0-301F-11D3-BF4B-00C04F79EFBC}") = "Bai8", "Bai8\Bai8.csproj", "{3FEB3BC8-0FD3-4DB5-8A84-68499874B470}"
EndProject
Project("{FAE04EC0-301F-11D3-BF4B-00C04F79EFBC}") = "Bai9", "Bai9\Bai9.csproj", "{DA6FE207-3FAD-4292-B3D9-6ADB4AC65DE9}"
EndProject
Project("{FAE04EC0-301F-11D3-BF4B-00C04F79EFBC}") = "Bai10", "Bai10\Bai10.csproj", "{AB230EC4-16E8-453E-AE6F-B42184951871}"
EndProject
Project("{FAE04EC0-301F-11D3-BF4B-00C04F79EFBC}") = "Bai11", "Bai11\Bai11.csproj", "{0DD8BCA5-9299-454E-A1C1-1ADD9B4B5F7F}"
EndProject
Project("{FAE04EC0-301F-11D3-BF4B-00C04F79EFBC}") = "Bai12", "Bai12\Bai12.csproj", "{4D6B6E8A-CD4F-4075-AB0F-6D1AF34E8DDD}"
EndProject
Project("{FAE04EC0-301F-11D3-BF4B-00C04F79EFBC}") = "Bai13", "Bai13\Bai13.csproj", "{C6191BBE-0D44-4301-AB1D-4F1C39C3323A}"
EndProject
Project("{FAE04EC0-301F-11D3-BF4B-00C04F79EFBC}") = "Bai15", "Bai15\Bai15.csproj", "{965D14AB-8EA7-4E33-B055-2D81EAACDEDA}"
EndProject
Global
	GlobalSection(SolutionConfigurationPlatforms) = preSolution
		Debug|Any CPU = Debug|Any CPU
		Release|Any CPU = Release|Any CPU
	EndGlobalSection
	GlobalSection(ProjectConfigurationPlatforms) = postSolution
		{0D5BC9EE-4C31-4D42-91B0-02198DA6AC65}.Debug|Any CPU.ActiveCfg = Debug|Any CPU
		{0D5BC9EE-4C31-4D42-91B0-02198DA6AC65}.Debug|Any CPU.Build.0 = Debug|Any CPU
		{0D5BC9EE-4C31-4D42-91B0-02198DA6AC65}.Release|Any CPU.ActiveCfg = Release|Any CPU
		{0D5BC9EE-4C31-4D42-91B0-02198DA6AC65}.Release|Any CPU.Build.0 = Release|Any CPU
		{649962B0-2C56-48C2-9298-81A3B757BB58}.Debug|Any CPU.ActiveCfg = Debug|Any CPU
		{649962B0-2C56-48C2-9298-81A3B757BB58}.Debug|Any CPU.Build.0 = Debug|Any CPU
		{649962B0-2C56-48C2-9298-81A3B757BB58}.Release|Any CPU.ActiveCfg = Release|Any CPU
		{649962B0-2C56-48C2-9298-81A3B757BB58}.Release|Any CPU.Build.0 = Release|Any CPU
		{C42DDD37-5D98-491C-884F-680389E3B789}.Debug|Any CPU.ActiveCfg = Debug|Any CPU
		{C42DDD37-5D98-491C-884F-680389E3B789}.Debug|Any CPU.Build.0 = Debug|Any CPU
		{C42DDD37-5D98-491C-884F-680389E3B789}.Release|Any CPU.ActiveCfg = Release|Any CPU
		{C42DDD37-5D98-491C-884F-680389E3B789}.Release|Any CPU.Build.0 = Release|Any CPU
		{7A2648A4-49B0-4B64-9E79-42560D0C31F5}.Debug|Any CPU.ActiveCfg = Debug|Any CPU
		{7A2648A4-49B0-4B64-9E79-42560D0C31F5}.Debug|Any CPU.Build.0 = Debug|Any CPU
		{7A2648A4-49B0-4B64-9E79-42560D0C31F5}.Release|Any CPU.ActiveCfg = Release|Any CPU
		{7A2648A4-49B0-4B64-9E79-42560D0C31F5}.Release|Any CPU.Build.0 = Release|Any CPU
		{2F3FC148-678D-402B-A7A8-FFC811B9FBDE}.Debug|Any CPU.ActiveCfg = Debug|Any CPU
		{2F3FC148-678D-402B-A7A8-FFC811B9FBDE}.Debug|Any CPU.Build.0 = Debug|Any CPU
		{2F3FC148-678D-402B-A7A8-FFC811B9FBDE}.Release|Any CPU.ActiveCfg = Release|Any CPU
		{2F3FC148-678D-402B-A7A8-FFC811B9FBDE}.Release|Any CPU.Build.0 = Release|Any CPU
		{3FEB3BC8-0FD3-4DB5-8A84-68499874B470}.Debug|Any CPU.ActiveCfg = Debug|Any CPU
		{3FEB3BC8-0FD3-4DB5-8A84-68499874B470}.Debug|Any CPU.Build.0 = Debug|Any CPU
		{3FEB3BC8-0FD3-4DB5-8A84-68499874B470}.Release|Any CPU.ActiveCfg = Release|Any CPU
		{3FEB3BC8-0FD3-4DB5-8A84-68499874B470}.Release|Any CPU.Build.0 = Release|Any CPU
		{DA6FE207-3FAD-4292-B3D9-6ADB4AC65DE9}.Debug|Any CPU.ActiveCfg = Debug|Any CPU
		{DA6FE207-3FAD-4292-B3D9-6ADB4AC65DE9}.Debug|Any CPU.Build.0 = Debug|Any CPU
		{DA6FE207-3FAD-4292-B3D9-6ADB4AC65DE9}.Release|Any CPU.ActiveCfg = Release|Any CPU
		{DA6FE207-3FAD-4292-B3D9-6ADB4AC65DE9}.Release|Any CPU.Build.0 = Release|Any CPU
		{AB230EC4-16E8-453E-AE6F-B42184951871}.Debug|Any CPU.ActiveCfg = Debug|Any CPU
		{AB230EC4-16E8-453E-AE6F-B42184951871}.Debug|Any CPU.Build.0 = Debug|Any CPU
		{AB230EC4-16E8-453E-AE6F-B42184951871}.Release|Any CPU.ActiveCfg = Release|Any CPU
		{AB230EC4-16E8-453E-AE6F-B42184951871}.Release|Any CPU.Build.0 = Release|Any CPU
		{0DD8BCA5-9299-454E-A1C1-1ADD9B4B5F7F}.Debug|Any CPU.ActiveCfg = Debug|Any CPU
		{0DD8BCA5-9299-454E-A1C1-1ADD9B4B5F7F}.Debug|Any CPU.Build.0 = Debug|Any CPU
		{0DD8BCA5-9299-454E-A1C1-1ADD9B4B5F7F}.Release|Any CPU.ActiveCfg = Release|Any CPU
		{0DD8BCA5-9299-454E-A1C1-1ADD9B4B5F7F}.Release|Any CPU.Build.0 = Release|Any CPU
		{4D6B6E8A-CD4F-4075-AB0F-6D1AF34E8DDD}.Debug|Any CPU.ActiveCfg = Debug|Any CPU
		{4D6B6E8A-CD4F-4075-AB0F-6D1AF34E8DDD}.Debug|Any CPU.Build.0 = Debug|Any CPU
		{4D6B6E8A-CD4F-4075-AB0F-6D1AF34E8DDD}.Release|Any CPU.ActiveCfg = Release|Any CPU
		{4D6B6E8A-CD4F-4075-AB0F-6D1AF34E8DDD}.Release|Any CPU.Build.0 = Release|Any CPU
		{C6191BBE-0D44-4301-AB1D-4F1C39C3323A}.Debug|Any CPU.ActiveCfg = Debug|Any CPU
		{C6191BBE-0D44-4301-AB1D-4F1C39C3323A}.Debug|Any CPU.Build.0 = Debug|Any CPU
		{C6191BBE-0D44-4301-AB1D-4F1C39C3323A}.Release|Any CPU.ActiveCfg = Release|Any CPU
		{C6191BBE-0D44-4301-AB1D-4F1C39C3323A}.Release|Any CPU.Build.0 = Release|Any CPU
		{965D14AB-8EA7-4E33-B055-2D81EAACDEDA}.Debug|Any CPU.ActiveCfg = Debug|Any CPU
		{965D14AB-8EA7-4E33-B055-2D81EAACDEDA}.Debug|Any CPU.Build.0 = Debug|Any CPU
		{965D14AB-8EA7-4E33-B055-2D81EAACDEDA}.Release|Any CPU.ActiveCfg = Release|Any CPU
		{965D14AB-8EA7-4E33-B055-2D81EAACDEDA}.Release|Any CPU.Build.0 = Release|Any CPU
	EndGlobalSection
	GlobalSection(SolutionProperties) = preSolution
		HideSolutionNode = FALSE
	EndGlobalSection
	GlobalSection(ExtensibilityGlobals) = postSolution
		SolutionGuid = {3C6C043F-B0A9-4F28-AC3F-380EE20987C4}
	EndGlobalSection
EndGlobal
